
Microsoft Visual Studio Solution File, Format Version 12.00
# Visual Studio Version 17
VisualStudioVersion = 17.4.33205.214
MinimumVisualStudioVersion = 10.0.40219.1
Project("{FAE04EC0-301F-11D3-BF4B-00C04F79EFBC}") = "EasyTodoApi", "EasyTodoApi\EasyTodoApi.csproj", "{8D4553AA-34E6-4265-9345-8A58BF49FC69}"
EndProject
Global
	GlobalSection(SolutionConfigurationPlatforms) = preSolution
		Debug|Any CPU = Debug|Any CPU
		Release|Any CPU = Release|Any CPU
	EndGlobalSection
	GlobalSection(ProjectConfigurationPlatforms) = postSolution
		{8D4553AA-34E6-4265-9345-8A58BF49FC69}.Debug|Any CPU.ActiveCfg = Debug|Any CPU
		{8D4553AA-34E6-4265-9345-8A58BF49FC69}.Debug|Any CPU.Build.0 = Debug|Any CPU
		{8D4553AA-34E6-4265-9345-8A58BF49FC69}.Release|Any CPU.ActiveCfg = Release|Any CPU
		{8D4553AA-34E6-4265-9345-8A58BF49FC69}.Release|Any CPU.Build.0 = Release|Any CPU
	EndGlobalSection
	GlobalSection(SolutionProperties) = preSolution
		HideSolutionNode = FALSE
	EndGlobalSection
	GlobalSection(ExtensibilityGlobals) = postSolution
		SolutionGuid = {3C619F0B-E86A-4673-A6D5-0FCCDA406987}
	EndGlobalSection
EndGlobal
